<?xml version="1.0" encoding="utf-8"?>
<Project ToolsVersion="4.0" xmlns="http://schemas.microsoft.com/developer/msbuild/2003">
  <ItemGroup>
    <Filter Include="Source Files">
      <UniqueIdentifier>{4FC737F1-C7A5-4376-A066-2A32D752A2FF}</UniqueIdentifier>
      <Extensions>cpp;c;cc;cxx;def;odl;idl;hpj;bat;asm;asmx</Extensions>
    </Filter>
    <Filter Include="Header Files">
      <UniqueIdentifier>{93995380-89BD-4b04-88EB-625FBE52EBFB}</UniqueIdentifier>
      <Extensions>h;hh;hpp;hxx;hm;inl;inc;ipp;xsd</Extensions>
    </Filter>
    <Filter Include="Resource Files">
      <UniqueIdentifier>{67DA6AB6-F800-4c08-8B7A-83BB121AAD01}</UniqueIdentifier>
      <Extensions>rc;ico;cur;bmp;dlg;rc2;rct;bin;rgs;gif;jpg;jpeg;jpe;resx;tiff;tif;png;wav;mfcribbon-ms</Extensions>
    </Filter>
  </ItemGroup>
  <ItemGroup>
    <ClInclude Include="Coord.h">
      <Filter>Header Files</Filter>
    </ClInclude>
    <ClInclude Include="Direction.h">
      <Filter>Header Files</Filter>
    </ClInclude>
    <ClInclude Include="Extraterrestre.h">
      <Filter>Header Files</Filter>
    </ClInclude>
    <ClInclude Include="Laser.h">
      <Filter>Header Files</Filter>
    </ClInclude>
    <ClInclude Include="Martien.h">
      <Filter>Header Files</Filter>
    </ClInclude>
    <ClInclude Include="ObjetDeJeu.h">
      <Filter>Header Files</Filter>
    </ClInclude>
    <ClInclude Include="Partie.h">
      <Filter>Header Files</Filter>
    </ClInclude>
    <ClInclude Include="TypeLaser.h">
      <Filter>Header Files</Filter>
    </ClInclude>
    <ClInclude Include="TypeObjetDeJeu.h">
      <Filter>Header Files</Filter>
    </ClInclude>
    <ClInclude Include="UIKit.h">
      <Filter>Header Files</Filter>
    </ClInclude>
    <ClInclude Include="Vaisseau.h">
      <Filter>Header Files</Filter>
    </ClInclude>
    <ClInclude Include="Menu.h">
      <Filter>Header Files</Filter>
    </ClInclude>
    <ClInclude Include="EnumChoixMenu.h">
      <Filter>Header Files</Filter>
    </ClInclude>
    <ClInclude Include="validations.h">
      <Filter>Header Files</Filter>
    </ClInclude>
    <ClInclude Include="LaserAmeliore.h">
      <Filter>Header Files</Filter>
    </ClInclude>
    <ClInclude Include="RunProgramme.h">
      <Filter>Header Files</Filter>
    </ClInclude>
    <ClInclude Include="ExtraterrestreAmeliore.h">
      <Filter>Header Files</Filter>
    </ClInclude>
  </ItemGroup>
  <ItemGroup>
    <ClCompile Include="Coord.cpp">
      <Filter>Source Files</Filter>
    </ClCompile>
    <ClCompile Include="Extraterrestre.cpp">
      <Filter>Source Files</Filter>
    </ClCompile>
    <ClCompile Include="Laser.cpp">
      <Filter>Source Files</Filter>
    </ClCompile>
    <ClCompile Include="Martien.cpp">
      <Filter>Source Files</Filter>
    </ClCompile>
    <ClCompile Include="ObjetDeJeu.cpp">
      <Filter>Source Files</Filter>
    </ClCompile>
    <ClCompile Include="Partie.cpp">
      <Filter>Source Files</Filter>
    </ClCompile>
    <ClCompile Include="spaceMain.cpp">
      <Filter>Source Files</Filter>
    </ClCompile>
    <ClCompile Include="UIKit.cpp">
      <Filter>Source Files</Filter>
    </ClCompile>
    <ClCompile Include="Vaisseau.cpp">
      <Filter>Source Files</Filter>
    </ClCompile>
    <ClCompile Include="Menu.cpp">
      <Filter>Source Files</Filter>
    </ClCompile>
    <ClCompile Include="validations.cpp">
      <Filter>Source Files</Filter>
    </ClCompile>
    <ClCompile Include="LaserAmeliore.cpp">
      <Filter>Source Files</Filter>
    </ClCompile>
    <ClCompile Include="RunProgramme.cpp">
      <Filter>Source Files</Filter>
    </ClCompile>
    <ClCompile Include="ExtraterrestreAmeliore.cpp">
      <Filter>Source Files</Filter>
    </ClCompile>
  </ItemGroup>
  <ItemGroup>
    <Media Include="Game_start_sound.wav">
      <Filter>Resource Files</Filter>
    </Media>
    <Media Include="music_background.wav">
      <Filter>Resource Files</Filter>
    </Media>
    <Media Include="Space Invaders - Space Invaders.wav">
      <Filter>Resource Files</Filter>
    </Media>
    <Media Include="start_music_menu.wav">
      <Filter>Resource Files</Filter>
    </Media>
    <Media Include="Ouch.wav">
      <Filter>Resource Files</Filter>
    </Media>
    <Media Include="chanson_pour_evan.wav">
      <Filter>Resource Files</Filter>
    </Media>
  </ItemGroup>
</Project>